{
  "name": "Cap02",
  "lockfileVersion": 3,
  "requires": true,
  "packages": {
    "": {
      "dependencies": {
        "dotenv": "^16.4.5"
      }
    },
    "../../../AppData/Roaming/npm/node_modules/prompt-sync": {
      "version": "4.2.0",
      "extraneous": true,
      "license": "MIT",
      "dependencies": {
        "strip-ansi": "^5.0.0"
      },
      "devDependencies": {
        "prompt-sync-history": "^1.0.1"
      }
    },
    "node_modules/dotenv": {
      "version": "16.4.5",
      "resolved": "https://registry.npmjs.org/dotenv/-/dotenv-16.4.5.tgz",
      "integrity": "sha512-ZmdL2rui+eB2YwhsWzjInR8LldtZHGDoQ1ugH85ppHKwpUHL7j7rN0Ti9NCnGiQbhaZ11FpR+7ao1dNsmduNUg==",
      "engines": {
        "node": ">=12"
      },
      "funding": {
        "url": "https://dotenvx.com"
      }
    }
  }
}
